
Microsoft Visual Studio Solution File, Format Version 12.00
# Visual Studio Version 16
VisualStudioVersion = 16.0.30406.217
MinimumVisualStudioVersion = 10.0.40219.1
Project("{FAE04EC0-301F-11D3-BF4B-00C04F79EFBC}") = "AspCoreusingreactwithredux", "AspCoreusingreactwithredux\AspCoreusingreactwithredux.csproj", "{34DF4A6C-065B-48B4-9682-AD97B2381060}"
EndProject
Global
	GlobalSection(SolutionConfigurationPlatforms) = preSolution
		Debug|Any CPU = Debug|Any CPU
		Release|Any CPU = Release|Any CPU
	EndGlobalSection
	GlobalSection(ProjectConfigurationPlatforms) = postSolution
		{34DF4A6C-065B-48B4-9682-AD97B2381060}.Debug|Any CPU.ActiveCfg = Debug|Any CPU
		{34DF4A6C-065B-48B4-9682-AD97B2381060}.Debug|Any CPU.Build.0 = Debug|Any CPU
		{34DF4A6C-065B-48B4-9682-AD97B2381060}.Release|Any CPU.ActiveCfg = Release|Any CPU
		{34DF4A6C-065B-48B4-9682-AD97B2381060}.Release|Any CPU.Build.0 = Release|Any CPU
	EndGlobalSection
	GlobalSection(SolutionProperties) = preSolution
		HideSolutionNode = FALSE
	EndGlobalSection
	GlobalSection(ExtensibilityGlobals) = postSolution
		SolutionGuid = {18FF3DD5-7315-49DC-B504-40B5C84F6550}
	EndGlobalSection
EndGlobal
